
Microsoft Visual Studio Solution File, Format Version 12.00
# Visual Studio Version 16
VisualStudioVersion = 16.0.29709.97
MinimumVisualStudioVersion = 10.0.40219.1
Project("{9A19103F-16F7-4668-BE54-9A1E7A4F7556}") = "LinkedList", "LinkedList.csproj", "{2BE52447-EEB8-47B9-9AFE-692B4180A5CF}"
EndProject
Project("{FAE04EC0-301F-11D3-BF4B-00C04F79EFBC}") = "Project", "..\Project\Project.csproj", "{2298132D-D329-45F2-8000-752A2A995F5F}"
EndProject
Project("{FAE04EC0-301F-11D3-BF4B-00C04F79EFBC}") = "LinkedListTests", "..\LinkedListTests\LinkedListTests.csproj", "{802F7C83-0F3B-403B-9DAD-7D514F60DC38}"
EndProject
Global
	GlobalSection(SolutionConfigurationPlatforms) = preSolution
		Debug|Any CPU = Debug|Any CPU
		Release|Any CPU = Release|Any CPU
	EndGlobalSection
	GlobalSection(ProjectConfigurationPlatforms) = postSolution
		{2BE52447-EEB8-47B9-9AFE-692B4180A5CF}.Debug|Any CPU.ActiveCfg = Debug|Any CPU
		{2BE52447-EEB8-47B9-9AFE-692B4180A5CF}.Debug|Any CPU.Build.0 = Debug|Any CPU
		{2BE52447-EEB8-47B9-9AFE-692B4180A5CF}.Release|Any CPU.ActiveCfg = Release|Any CPU
		{2BE52447-EEB8-47B9-9AFE-692B4180A5CF}.Release|Any CPU.Build.0 = Release|Any CPU
		{2298132D-D329-45F2-8000-752A2A995F5F}.Debug|Any CPU.ActiveCfg = Debug|Any CPU
		{2298132D-D329-45F2-8000-752A2A995F5F}.Debug|Any CPU.Build.0 = Debug|Any CPU
		{2298132D-D329-45F2-8000-752A2A995F5F}.Release|Any CPU.ActiveCfg = Release|Any CPU
		{2298132D-D329-45F2-8000-752A2A995F5F}.Release|Any CPU.Build.0 = Release|Any CPU
		{802F7C83-0F3B-403B-9DAD-7D514F60DC38}.Debug|Any CPU.ActiveCfg = Debug|Any CPU
		{802F7C83-0F3B-403B-9DAD-7D514F60DC38}.Debug|Any CPU.Build.0 = Debug|Any CPU
		{802F7C83-0F3B-403B-9DAD-7D514F60DC38}.Release|Any CPU.ActiveCfg = Release|Any CPU
		{802F7C83-0F3B-403B-9DAD-7D514F60DC38}.Release|Any CPU.Build.0 = Release|Any CPU
	EndGlobalSection
	GlobalSection(SolutionProperties) = preSolution
		HideSolutionNode = FALSE
	EndGlobalSection
	GlobalSection(ExtensibilityGlobals) = postSolution
		SolutionGuid = {F2C7D2BC-37E5-4254-8413-421DFD329EF8}
	EndGlobalSection
EndGlobal
